
Microsoft Visual Studio Solution File, Format Version 12.00
# Visual Studio 2013
VisualStudioVersion = 12.0.40629.0
MinimumVisualStudioVersion = 10.0.40219.1
Project("{FAE04EC0-301F-11D3-BF4B-00C04F79EFBC}") = "Tangle.Net.Api.Core", "Tangle.Net.Api.Core\Tangle.Net.Api.Core.csproj", "{E26813A6-6C4E-4BA5-9A51-0D33E64BC0EB}"
EndProject
Project("{FAE04EC0-301F-11D3-BF4B-00C04F79EFBC}") = "Tangle.Net.Api", "Tangle.Net.Api\Tangle.Net.Api.csproj", "{89CFD3EB-9E37-40FD-AA14-DC7BDD2762C4}"
EndProject
Global
	GlobalSection(SolutionConfigurationPlatforms) = preSolution
		Debug|Any CPU = Debug|Any CPU
		Release|Any CPU = Release|Any CPU
	EndGlobalSection
	GlobalSection(ProjectConfigurationPlatforms) = postSolution
		{E26813A6-6C4E-4BA5-9A51-0D33E64BC0EB}.Debug|Any CPU.ActiveCfg = Debug|Any CPU
		{E26813A6-6C4E-4BA5-9A51-0D33E64BC0EB}.Debug|Any CPU.Build.0 = Debug|Any CPU
		{E26813A6-6C4E-4BA5-9A51-0D33E64BC0EB}.Release|Any CPU.ActiveCfg = Release|Any CPU
		{E26813A6-6C4E-4BA5-9A51-0D33E64BC0EB}.Release|Any CPU.Build.0 = Release|Any CPU
		{89CFD3EB-9E37-40FD-AA14-DC7BDD2762C4}.Debug|Any CPU.ActiveCfg = Debug|Any CPU
		{89CFD3EB-9E37-40FD-AA14-DC7BDD2762C4}.Debug|Any CPU.Build.0 = Debug|Any CPU
		{89CFD3EB-9E37-40FD-AA14-DC7BDD2762C4}.Release|Any CPU.ActiveCfg = Release|Any CPU
		{89CFD3EB-9E37-40FD-AA14-DC7BDD2762C4}.Release|Any CPU.Build.0 = Release|Any CPU
	EndGlobalSection
	GlobalSection(SolutionProperties) = preSolution
		HideSolutionNode = FALSE
	EndGlobalSection
EndGlobal
